
Microsoft Visual Studio Solution File, Format Version 12.00
# Visual Studio Version 16
VisualStudioVersion = 16.0.31702.278
MinimumVisualStudioVersion = 10.0.40219.1
Project("{FAE04EC0-301F-11D3-BF4B-00C04F79EFBC}") = "Proyecto_Grafica", "Proyecto_Grafica\Proyecto_Grafica.csproj", "{D6D803DB-D1DD-4146-A75C-D9A1CB8E2834}"
EndProject
Global
	GlobalSection(SolutionConfigurationPlatforms) = preSolution
		Debug|Any CPU = Debug|Any CPU
		Release|Any CPU = Release|Any CPU
	EndGlobalSection
	GlobalSection(ProjectConfigurationPlatforms) = postSolution
		{D6D803DB-D1DD-4146-A75C-D9A1CB8E2834}.Debug|Any CPU.ActiveCfg = Debug|Any CPU
		{D6D803DB-D1DD-4146-A75C-D9A1CB8E2834}.Debug|Any CPU.Build.0 = Debug|Any CPU
		{D6D803DB-D1DD-4146-A75C-D9A1CB8E2834}.Release|Any CPU.ActiveCfg = Release|Any CPU
		{D6D803DB-D1DD-4146-A75C-D9A1CB8E2834}.Release|Any CPU.Build.0 = Release|Any CPU
	EndGlobalSection
	GlobalSection(SolutionProperties) = preSolution
		HideSolutionNode = FALSE
	EndGlobalSection
	GlobalSection(ExtensibilityGlobals) = postSolution
		SolutionGuid = {145382F2-3DD6-483D-9F49-66FDF0AA73D8}
	EndGlobalSection
EndGlobal
